on:
  workflow_dispatch:
  schedule:
    - cron: "0 0 * * 0"

jobs:
  update-flake-inputs:
    runs-on: ubuntu-latest
    steps:
      - uses: actions/checkout@v5
      - uses: DeterminateSystems/determinate-nix-action@v3
      - name: Update flake.lock
        uses: DeterminateSystems/update-flake-lock@main
        with:
          pr-title: "Update flake.lock" # Title of PR to be created
          pr-labels: | # Labels to be set on the PR
            flake
            automated
